PODS:
  - Sketch (3.0)
  - TensorFlowLiteC (2.4.0):
    - TensorFlowLiteC/Core (= 2.4.0)
  - TensorFlowLiteC/Core (2.4.0)
  - TensorFlowLiteSwift (2.4.0):
    - TensorFlowLiteSwift/Core (= 2.4.0)
  - TensorFlowLiteSwift/Core (2.4.0):
    - TensorFlowLiteC (= 2.4.0)

DEPENDENCIES:
  - Sketch
  - TensorFlowLiteSwift

SPEC REPOS:
  trunk:
    - Sketch
    - TensorFlowLiteC
    - TensorFlowLiteSwift

SPEC CHECKSUMS:
  Sketch: 49a4b71f7bc77316ed5f75ee79dedaa2b844d5e7
  TensorFlowLiteC: 09f8ac75a76caeadb19bcfa694e97454cc1ecf87
  TensorFlowLiteSwift: f062dc1178120100d825d7799fd9f115b4a37fee

PODFILE CHECKSUM: db17edffc3754b40a0cf959adc9530d3838970d5

COCOAPODS: 1.10.1
